{
  "object": {
    "pins": [
      {
        "package": "Pager",
        "repositoryURL": "https://github.com/rodrigoelp/swiftui-pager",
        "state": {
          "branch": null,
          "revision": "713a9c08c4d5a1a5c4c6ddefc419a7f81a1130fc",
          "version": "0.0.3"
        }
      }
    ]
  },
  "version": 1
}
